
Microsoft Visual Studio Solution File, Format Version 12.00
# Visual Studio Version 17
VisualStudioVersion = 17.5.33530.505
MinimumVisualStudioVersion = 10.0.40219.1
Project("{FAE04EC0-301F-11D3-BF4B-00C04F79EFBC}") = "API", "API\API.csproj", "{11536C70-F5A2-4E92-A4C5-E13B292B2F40}"
EndProject
Project("{FAE04EC0-301F-11D3-BF4B-00C04F79EFBC}") = "Application", "Application\Application.csproj", "{03FE9FDF-7AE5-41D2-B5E8-5259404189E9}"
EndProject
Project("{FAE04EC0-301F-11D3-BF4B-00C04F79EFBC}") = "Domain", "Domain\Domain.csproj", "{40374D3C-C281-4410-9734-6071BD563812}"
EndProject
Project("{FAE04EC0-301F-11D3-BF4B-00C04F79EFBC}") = "Infrastructure", "Infrastructure\Infrastructure.csproj", "{3BB9C8F7-8161-4DFA-9748-98068C8B1F19}"
EndProject
Project("{FAE04EC0-301F-11D3-BF4B-00C04F79EFBC}") = "Persistence", "Persistence\Persistence.csproj", "{34A484F6-B094-45CD-A0B1-1EB7167E30AB}"
EndProject
Global
	GlobalSection(SolutionConfigurationPlatforms) = preSolution
		Debug|Any CPU = Debug|Any CPU
		Release|Any CPU = Release|Any CPU
	EndGlobalSection
	GlobalSection(ProjectConfigurationPlatforms) = postSolution
		{11536C70-F5A2-4E92-A4C5-E13B292B2F40}.Debug|Any CPU.ActiveCfg = Debug|Any CPU
		{11536C70-F5A2-4E92-A4C5-E13B292B2F40}.Debug|Any CPU.Build.0 = Debug|Any CPU
		{11536C70-F5A2-4E92-A4C5-E13B292B2F40}.Release|Any CPU.ActiveCfg = Release|Any CPU
		{11536C70-F5A2-4E92-A4C5-E13B292B2F40}.Release|Any CPU.Build.0 = Release|Any CPU
		{03FE9FDF-7AE5-41D2-B5E8-5259404189E9}.Debug|Any CPU.ActiveCfg = Debug|Any CPU
		{03FE9FDF-7AE5-41D2-B5E8-5259404189E9}.Debug|Any CPU.Build.0 = Debug|Any CPU
		{03FE9FDF-7AE5-41D2-B5E8-5259404189E9}.Release|Any CPU.ActiveCfg = Release|Any CPU
		{03FE9FDF-7AE5-41D2-B5E8-5259404189E9}.Release|Any CPU.Build.0 = Release|Any CPU
		{40374D3C-C281-4410-9734-6071BD563812}.Debug|Any CPU.ActiveCfg = Debug|Any CPU
		{40374D3C-C281-4410-9734-6071BD563812}.Debug|Any CPU.Build.0 = Debug|Any CPU
		{40374D3C-C281-4410-9734-6071BD563812}.Release|Any CPU.ActiveCfg = Release|Any CPU
		{40374D3C-C281-4410-9734-6071BD563812}.Release|Any CPU.Build.0 = Release|Any CPU
		{3BB9C8F7-8161-4DFA-9748-98068C8B1F19}.Debug|Any CPU.ActiveCfg = Debug|Any CPU
		{3BB9C8F7-8161-4DFA-9748-98068C8B1F19}.Debug|Any CPU.Build.0 = Debug|Any CPU
		{3BB9C8F7-8161-4DFA-9748-98068C8B1F19}.Release|Any CPU.ActiveCfg = Release|Any CPU
		{3BB9C8F7-8161-4DFA-9748-98068C8B1F19}.Release|Any CPU.Build.0 = Release|Any CPU
		{34A484F6-B094-45CD-A0B1-1EB7167E30AB}.Debug|Any CPU.ActiveCfg = Debug|Any CPU
		{34A484F6-B094-45CD-A0B1-1EB7167E30AB}.Debug|Any CPU.Build.0 = Debug|Any CPU
		{34A484F6-B094-45CD-A0B1-1EB7167E30AB}.Release|Any CPU.ActiveCfg = Release|Any CPU
		{34A484F6-B094-45CD-A0B1-1EB7167E30AB}.Release|Any CPU.Build.0 = Release|Any CPU
	EndGlobalSection
	GlobalSection(SolutionProperties) = preSolution
		HideSolutionNode = FALSE
	EndGlobalSection
	GlobalSection(ExtensibilityGlobals) = postSolution
		SolutionGuid = {2816D9B8-7C77-40FC-978D-A4368CF31114}
	EndGlobalSection
EndGlobal
